<?xml version="1.0" encoding="UTF-8" standalone="yes" ?>
<CodeBlocks_project_file>
	<FileVersion major="1" minor="6" />
	<Project>
		<Option title="minnow-ws281x" />
		<Option pch_mode="2" />
		<Option compiler="gcc" />
		<Build>
			<Target title="Debug">
				<Option output="bin/Debug/minnow-ws281x" prefix_auto="1" extension_auto="1" />
				<Option object_output="obj/Debug/" />
				<Option type="1" />
				<Option compiler="gcc" />
				<Compiler>
					<Add option="-g" />
				</Compiler>
			</Target>
			<Target title="Release">
				<Option output="bin/Release/minnow-ws281x" prefix_auto="1" extension_auto="1" />
				<Option object_output="obj/Release/" />
				<Option type="1" />
				<Option compiler="gcc" />
				<Compiler>
					<Add option="-O2" />
				</Compiler>
				<Linker>
					<Add option="-s" />
				</Linker>
			</Target>
		</Build>
		<Compiler>
			<Add option="-Wall" />
		</Compiler>
		<Unit filename="MINNOW CONFIG" />
		<Unit filename="Makefile">
			<Option target="&lt;{~None~}&gt;" />
		</Unit>
		<Unit filename="dma.c">
			<Option compilerVar="CC" />
		</Unit>
		<Unit filename="headers/dma.h" />
		<Unit filename="headers/general.h" />
		<Unit filename="headers/gpio.h" />
		<Unit filename="headers/pwm.h" />
		<Unit filename="headers/py.py" />
		<Unit filename="headers/spi.h" />
		<Unit filename="headers/ws281x.h" />
		<Unit filename="main.c">
			<Option compilerVar="CC" />
		</Unit>
		<Unit filename="main.py" />
		<Unit filename="pwm.c">
			<Option compilerVar="CC" />
		</Unit>
		<Unit filename="spi.c">
			<Option compilerVar="CC" />
		</Unit>
		<Unit filename="ws281x.c">
			<Option compilerVar="CC" />
		</Unit>
		<Unit filename="ws281x_dma.c">
			<Option compilerVar="CC" />
			<Option target="&lt;{~None~}&gt;" />
		</Unit>
		<Extensions>
			<code_completion />
			<envvars />
			<lib_finder disable_auto="1" />
			<debugger />
		</Extensions>
	</Project>
</CodeBlocks_project_file>
